
Microsoft Visual Studio Solution File, Format Version 12.00
# Visual Studio Version 17
VisualStudioVersion = 17.7.34031.279
MinimumVisualStudioVersion = 10.0.40219.1
Project("{FAE04EC0-301F-11D3-BF4B-00C04F79EFBC}") = "dz08.11", "dz08.11\dz08.11.csproj", "{DDD37B85-5C9F-4C01-AA4E-4ACBAF2CC4FA}"
EndProject
Global
	GlobalSection(SolutionConfigurationPlatforms) = preSolution
		Debug|Any CPU = Debug|Any CPU
		Release|Any CPU = Release|Any CPU
	EndGlobalSection
	GlobalSection(ProjectConfigurationPlatforms) = postSolution
		{DDD37B85-5C9F-4C01-AA4E-4ACBAF2CC4FA}.Debug|Any CPU.ActiveCfg = Debug|Any CPU
		{DDD37B85-5C9F-4C01-AA4E-4ACBAF2CC4FA}.Debug|Any CPU.Build.0 = Debug|Any CPU
		{DDD37B85-5C9F-4C01-AA4E-4ACBAF2CC4FA}.Release|Any CPU.ActiveCfg = Release|Any CPU
		{DDD37B85-5C9F-4C01-AA4E-4ACBAF2CC4FA}.Release|Any CPU.Build.0 = Release|Any CPU
	EndGlobalSection
	GlobalSection(SolutionProperties) = preSolution
		HideSolutionNode = FALSE
	EndGlobalSection
	GlobalSection(ExtensibilityGlobals) = postSolution
		SolutionGuid = {CFB572C1-C233-4565-99A8-4D71E1A09CAB}
	EndGlobalSection
EndGlobal
